github.com/gorilla/mux v1.7.1 h1:Dw4jY2nghMMRsh1ol8dv1axHkDwMQK2DHerMNJsIpJU=
github.com/gorilla/mux v1.7.1/go.mod h1:1lud6UwP+6orDFRuTfBEV8e9/aOM/c4fVVCaMa2zaAs=
golang.org/x/crypto v0.0.0-20190308221718-c2843e01d9a2/go.mod h1:djNgcEr1/C05ACkg1iLfiJU5Ep61QUkGW8qpdssI0+w=
golang.org/x/crypto v0.0.0-20190424203555-c05e17bb3b2d h1:adrbvkTDn9rGnXg2IJDKozEpXXLZN89pdIA+Syt4/u0=
golang.org/x/crypto v0.0.0-20190424203555-c05e17bb3b2d/go.mod h1:yigFU9vqHzYiE8UmvKecakEJjdnWj3jj499lnFckfCI=
golang.org/x/image v0.0.0-20190523035834-f03afa92d3ff/go.mod h1:kZ7UVZpmo3dzQBMxlp+ypCbDeSB+sBbTgSJuh5dn5js=
golang.org/x/net v0.0.0-20190404232315-eb5bcb51f2a3/go.mod h1:t9HGtf8HONx5eT2rtn7q6eTqICYqUVnKs3thJo3Qplg=
golang.org/x/sys v0.0.0-20190215142949-d0b11bdaac8a/go.mod h1:STP8DvDyc/dI5b8T5hshtkjS+E42TnysNCUPdjciGhY=
golang.org/x/sys v0.0.0-20190412213103-97732733099d/go.mod h1:h1NjWce9XRLGQEsW7wpKNCjG9DtNlClVuFLEZdDNbEs=
golang.org/x/text v0.3.0/go.mod h1:NqM8EUOU14njkJ3fqMW+pc6Ldnwhi/IjpwHt7yyuwOQ=
humungus.tedunangst.com/r/go-sqlite3 v1.1.3 h1:G2N4wzDS0NbuvrZtQJhh4F+3X+s7BF8b9ga8k38geUI=
humungus.tedunangst.com/r/go-sqlite3 v1.1.3/go.mod h1:FtEEmQM7U2Ey1TuEEOyY1BmphTZnmiEjPsNLEAkpf/M=
humungus.tedunangst.com/r/webs v0.6.16 h1:RGhZXMcpu9ufRd5qPiAVtGSdGjp3uju94QsP6EMbBl8=
humungus.tedunangst.com/r/webs v0.6.16/go.mod h1:S9sXpVSbgAIa24yYhnMN0C94LKHG+2rioS+NsiDimps=
